
Microsoft Visual Studio Solution File, Format Version 12.00
# Visual Studio Version 17
VisualStudioVersion = 17.5.33627.172
MinimumVisualStudioVersion = 10.0.40219.1
Project("{FAE04EC0-301F-11D3-BF4B-00C04F79EFBC}") = "Subclasses", "Subclasses\Subclasses.csproj", "{E4216135-CA32-45E9-A1E6-F46A2587B144}"
EndProject
Global
	GlobalSection(SolutionConfigurationPlatforms) = preSolution
		Debug|Any CPU = Debug|Any CPU
		Release|Any CPU = Release|Any CPU
	EndGlobalSection
	GlobalSection(ProjectConfigurationPlatforms) = postSolution
		{E4216135-CA32-45E9-A1E6-F46A2587B144}.Debug|Any CPU.ActiveCfg = Debug|Any CPU
		{E4216135-CA32-45E9-A1E6-F46A2587B144}.Debug|Any CPU.Build.0 = Debug|Any CPU
		{E4216135-CA32-45E9-A1E6-F46A2587B144}.Release|Any CPU.ActiveCfg = Release|Any CPU
		{E4216135-CA32-45E9-A1E6-F46A2587B144}.Release|Any CPU.Build.0 = Release|Any CPU
	EndGlobalSection
	GlobalSection(SolutionProperties) = preSolution
		HideSolutionNode = FALSE
	EndGlobalSection
	GlobalSection(ExtensibilityGlobals) = postSolution
		SolutionGuid = {5458D7F3-7934-4FB1-955D-DA83249E0F05}
	EndGlobalSection
EndGlobal
